
Microsoft Visual Studio Solution File, Format Version 12.00
Project("{2150E333-8FDC-42A3-9474-1A3956D46DE8}") = "src", "src", "{2CD5EF8E-B67E-4D4F-979B-E1575982D994}"
EndProject
Project("{2150E333-8FDC-42A3-9474-1A3956D46DE8}") = "Services", "Services", "{61E1E9C5-2D1E-4961-A0AF-D13ACA8CC4AA}"
EndProject
Project("{2150E333-8FDC-42A3-9474-1A3956D46DE8}") = "Inventory", "Inventory", "{E9795463-DE5A-4FF8-9FC6-C153BA814BB9}"
EndProject
Project("{FAE04EC0-301F-11D3-BF4B-00C04F79EFBC}") = "Inventory.Domain", "Services\Inventory\Inventory.Domain\Inventory.Domain.csproj", "{ECE1F687-DF7D-47A2-B5C3-568395BA320B}"
EndProject
Project("{FAE04EC0-301F-11D3-BF4B-00C04F79EFBC}") = "Inventory.Infra", "Services\Inventory\Inventory.Infra\Inventory.Infra.csproj", "{34304D3C-0CEE-410D-892B-D952F5F9767F}"
EndProject
Project("{2150E333-8FDC-42A3-9474-1A3956D46DE8}") = "tests", "tests", "{6201A261-0D06-452C-AB9B-62CE3F389951}"
EndProject
Project("{FAE04EC0-301F-11D3-BF4B-00C04F79EFBC}") = "Inventory.UnitTests", "Services\Inventory\Inventory.UnitTests\Inventory.UnitTests.csproj", "{1743D581-A363-4EC0-83BF-82A8735CCA6C}"
EndProject
Project("{FAE04EC0-301F-11D3-BF4B-00C04F79EFBC}") = "Inventory.EventHandler", "Services\Inventory\Inventory.EventHandler\Inventory.EventHandler.csproj", "{64AC4D51-F59D-46CC-B29B-351D820CB8AE}"
EndProject
Project("{2150E333-8FDC-42A3-9474-1A3956D46DE8}") = "Player", "Player", "{D944AC72-F8BB-4B71-961A-B43173226AEF}"
EndProject
Project("{FAE04EC0-301F-11D3-BF4B-00C04F79EFBC}") = "Player.Domain", "Services\Player\Player.Domain\Player.Domain.csproj", "{1183D2DC-1BFA-46EB-876F-B353F2836F53}"
EndProject
Project("{FAE04EC0-301F-11D3-BF4B-00C04F79EFBC}") = "Player.Infra", "Services\Player\Player.Infra\Player.Infra.csproj", "{6E66D0A2-5F3C-4631-A013-A2627ED710E8}"
EndProject
Project("{2150E333-8FDC-42A3-9474-1A3956D46DE8}") = "Game", "Game", "{45A10137-0A73-488F-B181-FBABE5175B1A}"
EndProject
Project("{FAE04EC0-301F-11D3-BF4B-00C04F79EFBC}") = "Game.Domain", "Services\Game\Game.Domain\Game.Domain.csproj", "{7AB72B4E-4C96-416A-AA74-E0A70B1929A7}"
EndProject
Project("{FAE04EC0-301F-11D3-BF4B-00C04F79EFBC}") = "Game.Infra", "Services\Game\Game.Infra\Game.Infra.csproj", "{2A23F8D2-9A3E-4510-86FC-0C4E08B60705}"
EndProject
Project("{FAE04EC0-301F-11D3-BF4B-00C04F79EFBC}") = "Game.EventDispatcher", "Services\Game\Game.EventDispatcher\Game.EventDispatcher.csproj", "{5312E5D7-187A-411D-A19F-86EA81D04ACD}"
EndProject
Project("{FAE04EC0-301F-11D3-BF4B-00C04F79EFBC}") = "Inventory.EventDispatcher", "Services\Inventory\Inventory.EventDispatcher\Inventory.EventDispatcher.csproj", "{FEFB5480-F41D-4318-BB1A-EDE3FC3D48DF}"
EndProject
Project("{FAE04EC0-301F-11D3-BF4B-00C04F79EFBC}") = "Player.EventDispatcher", "Services\Player\Player.EventDispatcher\Player.EventDispatcher.csproj", "{A85B0903-1320-48F4-B7B9-B35FA77C4D06}"
EndProject
Project("{FAE04EC0-301F-11D3-BF4B-00C04F79EFBC}") = "Game.EventHandler", "Services\Game\Game.EventHandler\Game.EventHandler.csproj", "{5CAFDD5F-3AD5-4207-A02A-819A4FA4FDCE}"
EndProject
Project("{FAE04EC0-301F-11D3-BF4B-00C04F79EFBC}") = "Player.EventHandler", "Services\Player\Player.EventHandler\Player.EventHandler.csproj", "{B2A6300F-D2F6-4700-B1D5-6856CD99E89D}"
EndProject
Global
	GlobalSection(SolutionConfigurationPlatforms) = preSolution
		Debug|Any CPU = Debug|Any CPU
		Release|Any CPU = Release|Any CPU
	EndGlobalSection
	GlobalSection(NestedProjects) = preSolution
		{61E1E9C5-2D1E-4961-A0AF-D13ACA8CC4AA} = {2CD5EF8E-B67E-4D4F-979B-E1575982D994}
		{E9795463-DE5A-4FF8-9FC6-C153BA814BB9} = {61E1E9C5-2D1E-4961-A0AF-D13ACA8CC4AA}
		{ECE1F687-DF7D-47A2-B5C3-568395BA320B} = {E9795463-DE5A-4FF8-9FC6-C153BA814BB9}
		{34304D3C-0CEE-410D-892B-D952F5F9767F} = {E9795463-DE5A-4FF8-9FC6-C153BA814BB9}
		{6201A261-0D06-452C-AB9B-62CE3F389951} = {E9795463-DE5A-4FF8-9FC6-C153BA814BB9}
		{1743D581-A363-4EC0-83BF-82A8735CCA6C} = {6201A261-0D06-452C-AB9B-62CE3F389951}
		{64AC4D51-F59D-46CC-B29B-351D820CB8AE} = {E9795463-DE5A-4FF8-9FC6-C153BA814BB9}
		{D944AC72-F8BB-4B71-961A-B43173226AEF} = {61E1E9C5-2D1E-4961-A0AF-D13ACA8CC4AA}
		{1183D2DC-1BFA-46EB-876F-B353F2836F53} = {D944AC72-F8BB-4B71-961A-B43173226AEF}
		{6E66D0A2-5F3C-4631-A013-A2627ED710E8} = {D944AC72-F8BB-4B71-961A-B43173226AEF}
		{45A10137-0A73-488F-B181-FBABE5175B1A} = {61E1E9C5-2D1E-4961-A0AF-D13ACA8CC4AA}
		{7AB72B4E-4C96-416A-AA74-E0A70B1929A7} = {45A10137-0A73-488F-B181-FBABE5175B1A}
		{2A23F8D2-9A3E-4510-86FC-0C4E08B60705} = {45A10137-0A73-488F-B181-FBABE5175B1A}
		{5312E5D7-187A-411D-A19F-86EA81D04ACD} = {45A10137-0A73-488F-B181-FBABE5175B1A}
		{FEFB5480-F41D-4318-BB1A-EDE3FC3D48DF} = {E9795463-DE5A-4FF8-9FC6-C153BA814BB9}
		{A85B0903-1320-48F4-B7B9-B35FA77C4D06} = {D944AC72-F8BB-4B71-961A-B43173226AEF}
		{5CAFDD5F-3AD5-4207-A02A-819A4FA4FDCE} = {45A10137-0A73-488F-B181-FBABE5175B1A}
		{B2A6300F-D2F6-4700-B1D5-6856CD99E89D} = {D944AC72-F8BB-4B71-961A-B43173226AEF}
	EndGlobalSection
	GlobalSection(ProjectConfigurationPlatforms) = postSolution
		{ECE1F687-DF7D-47A2-B5C3-568395BA320B}.Debug|Any CPU.ActiveCfg = Debug|Any CPU
		{ECE1F687-DF7D-47A2-B5C3-568395BA320B}.Debug|Any CPU.Build.0 = Debug|Any CPU
		{ECE1F687-DF7D-47A2-B5C3-568395BA320B}.Release|Any CPU.ActiveCfg = Release|Any CPU
		{ECE1F687-DF7D-47A2-B5C3-568395BA320B}.Release|Any CPU.Build.0 = Release|Any CPU
		{34304D3C-0CEE-410D-892B-D952F5F9767F}.Debug|Any CPU.ActiveCfg = Debug|Any CPU
		{34304D3C-0CEE-410D-892B-D952F5F9767F}.Debug|Any CPU.Build.0 = Debug|Any CPU
		{34304D3C-0CEE-410D-892B-D952F5F9767F}.Release|Any CPU.ActiveCfg = Release|Any CPU
		{34304D3C-0CEE-410D-892B-D952F5F9767F}.Release|Any CPU.Build.0 = Release|Any CPU
		{1743D581-A363-4EC0-83BF-82A8735CCA6C}.Debug|Any CPU.ActiveCfg = Debug|Any CPU
		{1743D581-A363-4EC0-83BF-82A8735CCA6C}.Debug|Any CPU.Build.0 = Debug|Any CPU
		{1743D581-A363-4EC0-83BF-82A8735CCA6C}.Release|Any CPU.ActiveCfg = Release|Any CPU
		{1743D581-A363-4EC0-83BF-82A8735CCA6C}.Release|Any CPU.Build.0 = Release|Any CPU
		{64AC4D51-F59D-46CC-B29B-351D820CB8AE}.Debug|Any CPU.ActiveCfg = Debug|Any CPU
		{64AC4D51-F59D-46CC-B29B-351D820CB8AE}.Debug|Any CPU.Build.0 = Debug|Any CPU
		{64AC4D51-F59D-46CC-B29B-351D820CB8AE}.Release|Any CPU.ActiveCfg = Release|Any CPU
		{64AC4D51-F59D-46CC-B29B-351D820CB8AE}.Release|Any CPU.Build.0 = Release|Any CPU
		{1183D2DC-1BFA-46EB-876F-B353F2836F53}.Debug|Any CPU.ActiveCfg = Debug|Any CPU
		{1183D2DC-1BFA-46EB-876F-B353F2836F53}.Debug|Any CPU.Build.0 = Debug|Any CPU
		{1183D2DC-1BFA-46EB-876F-B353F2836F53}.Release|Any CPU.ActiveCfg = Release|Any CPU
		{1183D2DC-1BFA-46EB-876F-B353F2836F53}.Release|Any CPU.Build.0 = Release|Any CPU
		{6E66D0A2-5F3C-4631-A013-A2627ED710E8}.Debug|Any CPU.ActiveCfg = Debug|Any CPU
		{6E66D0A2-5F3C-4631-A013-A2627ED710E8}.Debug|Any CPU.Build.0 = Debug|Any CPU
		{6E66D0A2-5F3C-4631-A013-A2627ED710E8}.Release|Any CPU.ActiveCfg = Release|Any CPU
		{6E66D0A2-5F3C-4631-A013-A2627ED710E8}.Release|Any CPU.Build.0 = Release|Any CPU
		{7AB72B4E-4C96-416A-AA74-E0A70B1929A7}.Debug|Any CPU.ActiveCfg = Debug|Any CPU
		{7AB72B4E-4C96-416A-AA74-E0A70B1929A7}.Debug|Any CPU.Build.0 = Debug|Any CPU
		{7AB72B4E-4C96-416A-AA74-E0A70B1929A7}.Release|Any CPU.ActiveCfg = Release|Any CPU
		{7AB72B4E-4C96-416A-AA74-E0A70B1929A7}.Release|Any CPU.Build.0 = Release|Any CPU
		{2A23F8D2-9A3E-4510-86FC-0C4E08B60705}.Debug|Any CPU.ActiveCfg = Debug|Any CPU
		{2A23F8D2-9A3E-4510-86FC-0C4E08B60705}.Debug|Any CPU.Build.0 = Debug|Any CPU
		{2A23F8D2-9A3E-4510-86FC-0C4E08B60705}.Release|Any CPU.ActiveCfg = Release|Any CPU
		{2A23F8D2-9A3E-4510-86FC-0C4E08B60705}.Release|Any CPU.Build.0 = Release|Any CPU
		{5312E5D7-187A-411D-A19F-86EA81D04ACD}.Debug|Any CPU.ActiveCfg = Debug|Any CPU
		{5312E5D7-187A-411D-A19F-86EA81D04ACD}.Debug|Any CPU.Build.0 = Debug|Any CPU
		{5312E5D7-187A-411D-A19F-86EA81D04ACD}.Release|Any CPU.ActiveCfg = Release|Any CPU
		{5312E5D7-187A-411D-A19F-86EA81D04ACD}.Release|Any CPU.Build.0 = Release|Any CPU
		{FEFB5480-F41D-4318-BB1A-EDE3FC3D48DF}.Debug|Any CPU.ActiveCfg = Debug|Any CPU
		{FEFB5480-F41D-4318-BB1A-EDE3FC3D48DF}.Debug|Any CPU.Build.0 = Debug|Any CPU
		{FEFB5480-F41D-4318-BB1A-EDE3FC3D48DF}.Release|Any CPU.ActiveCfg = Release|Any CPU
		{FEFB5480-F41D-4318-BB1A-EDE3FC3D48DF}.Release|Any CPU.Build.0 = Release|Any CPU
		{A85B0903-1320-48F4-B7B9-B35FA77C4D06}.Debug|Any CPU.ActiveCfg = Debug|Any CPU
		{A85B0903-1320-48F4-B7B9-B35FA77C4D06}.Debug|Any CPU.Build.0 = Debug|Any CPU
		{A85B0903-1320-48F4-B7B9-B35FA77C4D06}.Release|Any CPU.ActiveCfg = Release|Any CPU
		{A85B0903-1320-48F4-B7B9-B35FA77C4D06}.Release|Any CPU.Build.0 = Release|Any CPU
		{5CAFDD5F-3AD5-4207-A02A-819A4FA4FDCE}.Debug|Any CPU.ActiveCfg = Debug|Any CPU
		{5CAFDD5F-3AD5-4207-A02A-819A4FA4FDCE}.Debug|Any CPU.Build.0 = Debug|Any CPU
		{5CAFDD5F-3AD5-4207-A02A-819A4FA4FDCE}.Release|Any CPU.ActiveCfg = Release|Any CPU
		{5CAFDD5F-3AD5-4207-A02A-819A4FA4FDCE}.Release|Any CPU.Build.0 = Release|Any CPU
		{B2A6300F-D2F6-4700-B1D5-6856CD99E89D}.Debug|Any CPU.ActiveCfg = Debug|Any CPU
		{B2A6300F-D2F6-4700-B1D5-6856CD99E89D}.Debug|Any CPU.Build.0 = Debug|Any CPU
		{B2A6300F-D2F6-4700-B1D5-6856CD99E89D}.Release|Any CPU.ActiveCfg = Release|Any CPU
		{B2A6300F-D2F6-4700-B1D5-6856CD99E89D}.Release|Any CPU.Build.0 = Release|Any CPU
	EndGlobalSection
EndGlobal
